
Microsoft Visual Studio Solution File, Format Version 12.00
# Visual Studio Version 17
VisualStudioVersion = 17.0.32112.339
MinimumVisualStudioVersion = 10.0.40219.1
Project("{FAE04EC0-301F-11D3-BF4B-00C04F79EFBC}") = "Out variables", "Out variables\Out variables.csproj", "{1E48F427-AAC7-4C06-B278-76F3DD7AE601}"
EndProject
Global
	GlobalSection(SolutionConfigurationPlatforms) = preSolution
		Debug|Any CPU = Debug|Any CPU
		Release|Any CPU = Release|Any CPU
	EndGlobalSection
	GlobalSection(ProjectConfigurationPlatforms) = postSolution
		{1E48F427-AAC7-4C06-B278-76F3DD7AE601}.Debug|Any CPU.ActiveCfg = Debug|Any CPU
		{1E48F427-AAC7-4C06-B278-76F3DD7AE601}.Debug|Any CPU.Build.0 = Debug|Any CPU
		{1E48F427-AAC7-4C06-B278-76F3DD7AE601}.Release|Any CPU.ActiveCfg = Release|Any CPU
		{1E48F427-AAC7-4C06-B278-76F3DD7AE601}.Release|Any CPU.Build.0 = Release|Any CPU
	EndGlobalSection
	GlobalSection(SolutionProperties) = preSolution
		HideSolutionNode = FALSE
	EndGlobalSection
	GlobalSection(ExtensibilityGlobals) = postSolution
		SolutionGuid = {77278D6F-D999-41BC-84F9-D105BA1714F3}
	EndGlobalSection
EndGlobal
